
Microsoft Visual Studio Solution File, Format Version 12.00
# Visual Studio 14
VisualStudioVersion = 14.0.25420.1
MinimumVisualStudioVersion = 10.0.40219.1
Project("{FAE04EC0-301F-11D3-BF4B-00C04F79EFBC}") = "ExcelProm", "ExcelProm\ExcelProm.csproj", "{2F7A2B95-0D8C-4EB8-80D1-EE2FD6E4DAEE}"
EndProject
Project("{FAE04EC0-301F-11D3-BF4B-00C04F79EFBC}") = "PackageExcel", "PackageExcel\PackageExcel.csproj", "{1FCF1E43-0A99-4DF1-8403-C03AA659ACD6}"
EndProject
Project("{FAE04EC0-301F-11D3-BF4B-00C04F79EFBC}") = "ConvertToPdf", "ConvertToPdf\ConvertToPdf.csproj", "{F30D52B3-E7CA-4882-8C8C-AABD07186723}"
EndProject
Global
	GlobalSection(SolutionConfigurationPlatforms) = preSolution
		Debug|Any CPU = Debug|Any CPU
		Release|Any CPU = Release|Any CPU
	EndGlobalSection
	GlobalSection(ProjectConfigurationPlatforms) = postSolution
		{2F7A2B95-0D8C-4EB8-80D1-EE2FD6E4DAEE}.Debug|Any CPU.ActiveCfg = Debug|Any CPU
		{2F7A2B95-0D8C-4EB8-80D1-EE2FD6E4DAEE}.Debug|Any CPU.Build.0 = Debug|Any CPU
		{2F7A2B95-0D8C-4EB8-80D1-EE2FD6E4DAEE}.Release|Any CPU.ActiveCfg = Release|Any CPU
		{2F7A2B95-0D8C-4EB8-80D1-EE2FD6E4DAEE}.Release|Any CPU.Build.0 = Release|Any CPU
		{1FCF1E43-0A99-4DF1-8403-C03AA659ACD6}.Debug|Any CPU.ActiveCfg = Debug|Any CPU
		{1FCF1E43-0A99-4DF1-8403-C03AA659ACD6}.Debug|Any CPU.Build.0 = Debug|Any CPU
		{1FCF1E43-0A99-4DF1-8403-C03AA659ACD6}.Release|Any CPU.ActiveCfg = Release|Any CPU
		{1FCF1E43-0A99-4DF1-8403-C03AA659ACD6}.Release|Any CPU.Build.0 = Release|Any CPU
		{F30D52B3-E7CA-4882-8C8C-AABD07186723}.Debug|Any CPU.ActiveCfg = Debug|Any CPU
		{F30D52B3-E7CA-4882-8C8C-AABD07186723}.Debug|Any CPU.Build.0 = Debug|Any CPU
		{F30D52B3-E7CA-4882-8C8C-AABD07186723}.Release|Any CPU.ActiveCfg = Release|Any CPU
		{F30D52B3-E7CA-4882-8C8C-AABD07186723}.Release|Any CPU.Build.0 = Release|Any CPU
	EndGlobalSection
	GlobalSection(SolutionProperties) = preSolution
		HideSolutionNode = FALSE
	EndGlobalSection
EndGlobal
